
Microsoft Visual Studio Solution File, Format Version 12.00
# Visual Studio Version 17
VisualStudioVersion = 17.11.35222.181
MinimumVisualStudioVersion = 10.0.40219.1
Project("{9A19103F-16F7-4668-BE54-9A1E7A4F7556}") = "Material.Icons", "Material.Icons\Material.Icons.csproj", "{906BBD81-167F-4A7C-90FB-651B07099E42}"
EndProject
Project("{9A19103F-16F7-4668-BE54-9A1E7A4F7556}") = "Material.Icons.WPF", "Material.Icons.WPF\Material.Icons.WPF.csproj", "{BC6211CE-CC7B-4A54-80DF-FA8366E2D94E}"
EndProject
Project("{9A19103F-16F7-4668-BE54-9A1E7A4F7556}") = "Material.Icons.WPF.Demo", "Material.Icons.WPF.Demo\Material.Icons.WPF.Demo.csproj", "{E72299D6-6A10-4F3A-AEAE-70DC907BCED2}"
EndProject
Project("{9A19103F-16F7-4668-BE54-9A1E7A4F7556}") = "_build", "build\_build.csproj", "{A878B7AD-787A-4CDB-89E5-7AFF84ACFA0B}"
EndProject
Project("{9A19103F-16F7-4668-BE54-9A1E7A4F7556}") = "Material.Icons.Avalonia", "Material.Icons.Avalonia\Material.Icons.Avalonia.csproj", "{426C180B-F60C-4902-B2A2-2309C3133197}"
EndProject
Project("{9A19103F-16F7-4668-BE54-9A1E7A4F7556}") = "Material.Icons.Avalonia.Demo", "Material.Icons.Avalonia.Demo\Material.Icons.Avalonia.Demo.csproj", "{F4056349-7110-4C9A-8EEB-8830441F2E0B}"
EndProject
Project("{9A19103F-16F7-4668-BE54-9A1E7A4F7556}") = "Material.Icons.WinUI3", "Material.Icons.WinUI3\Material.Icons.WinUI3.csproj", "{783A69CE-C7E5-4DC6-B143-1152D755B862}"
EndProject
Project("{9A19103F-16F7-4668-BE54-9A1E7A4F7556}") = "Material.Icons.WinUI3.Demo", "Material.Icons.WinUI3.Demo\Material.Icons.WinUI3.Demo.csproj", "{5E59EDA4-2220-41ED-9F84-14019367EAEB}"
EndProject
Project("{9A19103F-16F7-4668-BE54-9A1E7A4F7556}") = "Material.Icons.Maui", "Material.Icons.Maui\Material.Icons.Maui.csproj", "{967C14EF-DAC0-486B-AA72-8986C515E58C}"
EndProject
Project("{9A19103F-16F7-4668-BE54-9A1E7A4F7556}") = "Material.Icons.Maui.Demo", "Material.Icons.Maui.Demo\Material.Icons.Maui.Demo.csproj", "{9BDCFF13-DBFE-4A51-914C-7D4127E25869}"
EndProject
Global
	GlobalSection(SolutionConfigurationPlatforms) = preSolution
		Debug|Any CPU = Debug|Any CPU
		Debug|ARM64 = Debug|ARM64
		Debug|x64 = Debug|x64
		Debug|x86 = Debug|x86
		Release|Any CPU = Release|Any CPU
		Release|ARM64 = Release|ARM64
		Release|x64 = Release|x64
		Release|x86 = Release|x86
	EndGlobalSection
	GlobalSection(ProjectConfigurationPlatforms) = postSolution
		{906BBD81-167F-4A7C-90FB-651B07099E42}.Debug|Any CPU.ActiveCfg = Debug|Any CPU
		{906BBD81-167F-4A7C-90FB-651B07099E42}.Debug|Any CPU.Build.0 = Debug|Any CPU
		{906BBD81-167F-4A7C-90FB-651B07099E42}.Debug|ARM64.ActiveCfg = Debug|Any CPU
		{906BBD81-167F-4A7C-90FB-651B07099E42}.Debug|ARM64.Build.0 = Debug|Any CPU
		{906BBD81-167F-4A7C-90FB-651B07099E42}.Debug|x64.ActiveCfg = Debug|Any CPU
		{906BBD81-167F-4A7C-90FB-651B07099E42}.Debug|x64.Build.0 = Debug|Any CPU
		{906BBD81-167F-4A7C-90FB-651B07099E42}.Debug|x86.ActiveCfg = Debug|Any CPU
		{906BBD81-167F-4A7C-90FB-651B07099E42}.Debug|x86.Build.0 = Debug|Any CPU
		{906BBD81-167F-4A7C-90FB-651B07099E42}.Release|Any CPU.ActiveCfg = Release|Any CPU
		{906BBD81-167F-4A7C-90FB-651B07099E42}.Release|Any CPU.Build.0 = Release|Any CPU
		{906BBD81-167F-4A7C-90FB-651B07099E42}.Release|ARM64.ActiveCfg = Release|Any CPU
		{906BBD81-167F-4A7C-90FB-651B07099E42}.Release|ARM64.Build.0 = Release|Any CPU
		{906BBD81-167F-4A7C-90FB-651B07099E42}.Release|x64.ActiveCfg = Release|Any CPU
		{906BBD81-167F-4A7C-90FB-651B07099E42}.Release|x64.Build.0 = Release|Any CPU
		{906BBD81-167F-4A7C-90FB-651B07099E42}.Release|x86.ActiveCfg = Release|Any CPU
		{906BBD81-167F-4A7C-90FB-651B07099E42}.Release|x86.Build.0 = Release|Any CPU
		{BC6211CE-CC7B-4A54-80DF-FA8366E2D94E}.Debug|Any CPU.ActiveCfg = Debug|Any CPU
		{BC6211CE-CC7B-4A54-80DF-FA8366E2D94E}.Debug|Any CPU.Build.0 = Debug|Any CPU
		{BC6211CE-CC7B-4A54-80DF-FA8366E2D94E}.Debug|ARM64.ActiveCfg = Debug|Any CPU
		{BC6211CE-CC7B-4A54-80DF-FA8366E2D94E}.Debug|x64.ActiveCfg = Debug|Any CPU
		{BC6211CE-CC7B-4A54-80DF-FA8366E2D94E}.Debug|x86.ActiveCfg = Debug|Any CPU
		{BC6211CE-CC7B-4A54-80DF-FA8366E2D94E}.Release|Any CPU.ActiveCfg = Release|Any CPU
		{BC6211CE-CC7B-4A54-80DF-FA8366E2D94E}.Release|Any CPU.Build.0 = Release|Any CPU
		{BC6211CE-CC7B-4A54-80DF-FA8366E2D94E}.Release|ARM64.ActiveCfg = Release|Any CPU
		{BC6211CE-CC7B-4A54-80DF-FA8366E2D94E}.Release|x64.ActiveCfg = Release|Any CPU
		{BC6211CE-CC7B-4A54-80DF-FA8366E2D94E}.Release|x86.ActiveCfg = Release|Any CPU
		{E72299D6-6A10-4F3A-AEAE-70DC907BCED2}.Debug|Any CPU.ActiveCfg = Debug|Any CPU
		{E72299D6-6A10-4F3A-AEAE-70DC907BCED2}.Debug|Any CPU.Build.0 = Debug|Any CPU
		{E72299D6-6A10-4F3A-AEAE-70DC907BCED2}.Debug|ARM64.ActiveCfg = Debug|Any CPU
		{E72299D6-6A10-4F3A-AEAE-70DC907BCED2}.Debug|x64.ActiveCfg = Debug|Any CPU
		{E72299D6-6A10-4F3A-AEAE-70DC907BCED2}.Debug|x86.ActiveCfg = Debug|Any CPU
		{E72299D6-6A10-4F3A-AEAE-70DC907BCED2}.Release|Any CPU.ActiveCfg = Release|Any CPU
		{E72299D6-6A10-4F3A-AEAE-70DC907BCED2}.Release|Any CPU.Build.0 = Release|Any CPU
		{E72299D6-6A10-4F3A-AEAE-70DC907BCED2}.Release|ARM64.ActiveCfg = Release|Any CPU
		{E72299D6-6A10-4F3A-AEAE-70DC907BCED2}.Release|x64.ActiveCfg = Release|Any CPU
		{E72299D6-6A10-4F3A-AEAE-70DC907BCED2}.Release|x86.ActiveCfg = Release|Any CPU
		{A878B7AD-787A-4CDB-89E5-7AFF84ACFA0B}.Debug|Any CPU.ActiveCfg = Debug|Any CPU
		{A878B7AD-787A-4CDB-89E5-7AFF84ACFA0B}.Debug|ARM64.ActiveCfg = Debug|Any CPU
		{A878B7AD-787A-4CDB-89E5-7AFF84ACFA0B}.Debug|x64.ActiveCfg = Debug|Any CPU
		{A878B7AD-787A-4CDB-89E5-7AFF84ACFA0B}.Debug|x86.ActiveCfg = Debug|Any CPU
		{A878B7AD-787A-4CDB-89E5-7AFF84ACFA0B}.Release|Any CPU.ActiveCfg = Release|Any CPU
		{A878B7AD-787A-4CDB-89E5-7AFF84ACFA0B}.Release|ARM64.ActiveCfg = Release|Any CPU
		{A878B7AD-787A-4CDB-89E5-7AFF84ACFA0B}.Release|x64.ActiveCfg = Release|Any CPU
		{A878B7AD-787A-4CDB-89E5-7AFF84ACFA0B}.Release|x86.ActiveCfg = Release|Any CPU
		{426C180B-F60C-4902-B2A2-2309C3133197}.Debug|Any CPU.ActiveCfg = Debug|Any CPU
		{426C180B-F60C-4902-B2A2-2309C3133197}.Debug|Any CPU.Build.0 = Debug|Any CPU
		{426C180B-F60C-4902-B2A2-2309C3133197}.Debug|ARM64.ActiveCfg = Debug|Any CPU
		{426C180B-F60C-4902-B2A2-2309C3133197}.Debug|x64.ActiveCfg = Debug|Any CPU
		{426C180B-F60C-4902-B2A2-2309C3133197}.Debug|x86.ActiveCfg = Debug|Any CPU
		{426C180B-F60C-4902-B2A2-2309C3133197}.Release|Any CPU.ActiveCfg = Release|Any CPU
		{426C180B-F60C-4902-B2A2-2309C3133197}.Release|Any CPU.Build.0 = Release|Any CPU
		{426C180B-F60C-4902-B2A2-2309C3133197}.Release|ARM64.ActiveCfg = Release|Any CPU
		{426C180B-F60C-4902-B2A2-2309C3133197}.Release|x64.ActiveCfg = Release|Any CPU
		{426C180B-F60C-4902-B2A2-2309C3133197}.Release|x86.ActiveCfg = Release|Any CPU
		{F4056349-7110-4C9A-8EEB-8830441F2E0B}.Debug|Any CPU.ActiveCfg = Debug|Any CPU
		{F4056349-7110-4C9A-8EEB-8830441F2E0B}.Debug|Any CPU.Build.0 = Debug|Any CPU
		{F4056349-7110-4C9A-8EEB-8830441F2E0B}.Debug|ARM64.ActiveCfg = Debug|Any CPU
		{F4056349-7110-4C9A-8EEB-8830441F2E0B}.Debug|x64.ActiveCfg = Debug|Any CPU
		{F4056349-7110-4C9A-8EEB-8830441F2E0B}.Debug|x86.ActiveCfg = Debug|Any CPU
		{F4056349-7110-4C9A-8EEB-8830441F2E0B}.Release|Any CPU.ActiveCfg = Release|Any CPU
		{F4056349-7110-4C9A-8EEB-8830441F2E0B}.Release|Any CPU.Build.0 = Release|Any CPU
		{F4056349-7110-4C9A-8EEB-8830441F2E0B}.Release|ARM64.ActiveCfg = Release|Any CPU
		{F4056349-7110-4C9A-8EEB-8830441F2E0B}.Release|x64.ActiveCfg = Release|Any CPU
		{F4056349-7110-4C9A-8EEB-8830441F2E0B}.Release|x86.ActiveCfg = Release|Any CPU
		{783A69CE-C7E5-4DC6-B143-1152D755B862}.Debug|Any CPU.ActiveCfg = Debug|Any CPU
		{783A69CE-C7E5-4DC6-B143-1152D755B862}.Debug|Any CPU.Build.0 = Debug|Any CPU
		{783A69CE-C7E5-4DC6-B143-1152D755B862}.Debug|ARM64.ActiveCfg = Debug|Any CPU
		{783A69CE-C7E5-4DC6-B143-1152D755B862}.Debug|ARM64.Build.0 = Debug|Any CPU
		{783A69CE-C7E5-4DC6-B143-1152D755B862}.Debug|x64.ActiveCfg = Debug|Any CPU
		{783A69CE-C7E5-4DC6-B143-1152D755B862}.Debug|x64.Build.0 = Debug|Any CPU
		{783A69CE-C7E5-4DC6-B143-1152D755B862}.Debug|x86.ActiveCfg = Debug|Any CPU
		{783A69CE-C7E5-4DC6-B143-1152D755B862}.Debug|x86.Build.0 = Debug|Any CPU
		{783A69CE-C7E5-4DC6-B143-1152D755B862}.Release|Any CPU.ActiveCfg = Release|Any CPU
		{783A69CE-C7E5-4DC6-B143-1152D755B862}.Release|Any CPU.Build.0 = Release|Any CPU
		{783A69CE-C7E5-4DC6-B143-1152D755B862}.Release|ARM64.ActiveCfg = Release|Any CPU
		{783A69CE-C7E5-4DC6-B143-1152D755B862}.Release|ARM64.Build.0 = Release|Any CPU
		{783A69CE-C7E5-4DC6-B143-1152D755B862}.Release|x64.ActiveCfg = Release|Any CPU
		{783A69CE-C7E5-4DC6-B143-1152D755B862}.Release|x64.Build.0 = Release|Any CPU
		{783A69CE-C7E5-4DC6-B143-1152D755B862}.Release|x86.ActiveCfg = Release|Any CPU
		{783A69CE-C7E5-4DC6-B143-1152D755B862}.Release|x86.Build.0 = Release|Any CPU
		{5E59EDA4-2220-41ED-9F84-14019367EAEB}.Debug|Any CPU.ActiveCfg = Debug|x64
		{5E59EDA4-2220-41ED-9F84-14019367EAEB}.Debug|ARM64.ActiveCfg = Debug|ARM64
		{5E59EDA4-2220-41ED-9F84-14019367EAEB}.Debug|ARM64.Build.0 = Debug|ARM64
		{5E59EDA4-2220-41ED-9F84-14019367EAEB}.Debug|ARM64.Deploy.0 = Debug|ARM64
		{5E59EDA4-2220-41ED-9F84-14019367EAEB}.Debug|x64.ActiveCfg = Debug|x64
		{5E59EDA4-2220-41ED-9F84-14019367EAEB}.Debug|x64.Build.0 = Debug|x64
		{5E59EDA4-2220-41ED-9F84-14019367EAEB}.Debug|x64.Deploy.0 = Debug|x64
		{5E59EDA4-2220-41ED-9F84-14019367EAEB}.Debug|x86.ActiveCfg = Debug|x86
		{5E59EDA4-2220-41ED-9F84-14019367EAEB}.Debug|x86.Build.0 = Debug|x86
		{5E59EDA4-2220-41ED-9F84-14019367EAEB}.Debug|x86.Deploy.0 = Debug|x86
		{5E59EDA4-2220-41ED-9F84-14019367EAEB}.Release|Any CPU.ActiveCfg = Release|x64
		{5E59EDA4-2220-41ED-9F84-14019367EAEB}.Release|ARM64.ActiveCfg = Release|ARM64
		{5E59EDA4-2220-41ED-9F84-14019367EAEB}.Release|ARM64.Build.0 = Release|ARM64
		{5E59EDA4-2220-41ED-9F84-14019367EAEB}.Release|ARM64.Deploy.0 = Release|ARM64
		{5E59EDA4-2220-41ED-9F84-14019367EAEB}.Release|x64.ActiveCfg = Release|x64
		{5E59EDA4-2220-41ED-9F84-14019367EAEB}.Release|x64.Build.0 = Release|x64
		{5E59EDA4-2220-41ED-9F84-14019367EAEB}.Release|x64.Deploy.0 = Release|x64
		{5E59EDA4-2220-41ED-9F84-14019367EAEB}.Release|x86.ActiveCfg = Release|x86
		{5E59EDA4-2220-41ED-9F84-14019367EAEB}.Release|x86.Build.0 = Release|x86
		{5E59EDA4-2220-41ED-9F84-14019367EAEB}.Release|x86.Deploy.0 = Release|x86
		{967C14EF-DAC0-486B-AA72-8986C515E58C}.Debug|Any CPU.ActiveCfg = Debug|Any CPU
		{967C14EF-DAC0-486B-AA72-8986C515E58C}.Debug|Any CPU.Build.0 = Debug|Any CPU
		{967C14EF-DAC0-486B-AA72-8986C515E58C}.Debug|ARM64.ActiveCfg = Debug|Any CPU
		{967C14EF-DAC0-486B-AA72-8986C515E58C}.Debug|ARM64.Build.0 = Debug|Any CPU
		{967C14EF-DAC0-486B-AA72-8986C515E58C}.Debug|x64.ActiveCfg = Debug|Any CPU
		{967C14EF-DAC0-486B-AA72-8986C515E58C}.Debug|x64.Build.0 = Debug|Any CPU
		{967C14EF-DAC0-486B-AA72-8986C515E58C}.Debug|x86.ActiveCfg = Debug|Any CPU
		{967C14EF-DAC0-486B-AA72-8986C515E58C}.Debug|x86.Build.0 = Debug|Any CPU
		{967C14EF-DAC0-486B-AA72-8986C515E58C}.Release|Any CPU.ActiveCfg = Release|Any CPU
		{967C14EF-DAC0-486B-AA72-8986C515E58C}.Release|Any CPU.Build.0 = Release|Any CPU
		{967C14EF-DAC0-486B-AA72-8986C515E58C}.Release|ARM64.ActiveCfg = Release|Any CPU
		{967C14EF-DAC0-486B-AA72-8986C515E58C}.Release|ARM64.Build.0 = Release|Any CPU
		{967C14EF-DAC0-486B-AA72-8986C515E58C}.Release|x64.ActiveCfg = Release|Any CPU
		{967C14EF-DAC0-486B-AA72-8986C515E58C}.Release|x64.Build.0 = Release|Any CPU
		{967C14EF-DAC0-486B-AA72-8986C515E58C}.Release|x86.ActiveCfg = Release|Any CPU
		{967C14EF-DAC0-486B-AA72-8986C515E58C}.Release|x86.Build.0 = Release|Any CPU
		{9BDCFF13-DBFE-4A51-914C-7D4127E25869}.Debug|Any CPU.ActiveCfg = Debug|Any CPU
		{9BDCFF13-DBFE-4A51-914C-7D4127E25869}.Debug|Any CPU.Build.0 = Debug|Any CPU
		{9BDCFF13-DBFE-4A51-914C-7D4127E25869}.Debug|Any CPU.Deploy.0 = Debug|Any CPU
		{9BDCFF13-DBFE-4A51-914C-7D4127E25869}.Debug|ARM64.ActiveCfg = Debug|Any CPU
		{9BDCFF13-DBFE-4A51-914C-7D4127E25869}.Debug|ARM64.Build.0 = Debug|Any CPU
		{9BDCFF13-DBFE-4A51-914C-7D4127E25869}.Debug|ARM64.Deploy.0 = Debug|Any CPU
		{9BDCFF13-DBFE-4A51-914C-7D4127E25869}.Debug|x64.ActiveCfg = Debug|Any CPU
		{9BDCFF13-DBFE-4A51-914C-7D4127E25869}.Debug|x64.Build.0 = Debug|Any CPU
		{9BDCFF13-DBFE-4A51-914C-7D4127E25869}.Debug|x64.Deploy.0 = Debug|Any CPU
		{9BDCFF13-DBFE-4A51-914C-7D4127E25869}.Debug|x86.ActiveCfg = Debug|Any CPU
		{9BDCFF13-DBFE-4A51-914C-7D4127E25869}.Debug|x86.Build.0 = Debug|Any CPU
		{9BDCFF13-DBFE-4A51-914C-7D4127E25869}.Debug|x86.Deploy.0 = Debug|Any CPU
		{9BDCFF13-DBFE-4A51-914C-7D4127E25869}.Release|Any CPU.ActiveCfg = Release|Any CPU
		{9BDCFF13-DBFE-4A51-914C-7D4127E25869}.Release|Any CPU.Build.0 = Release|Any CPU
		{9BDCFF13-DBFE-4A51-914C-7D4127E25869}.Release|Any CPU.Deploy.0 = Release|Any CPU
		{9BDCFF13-DBFE-4A51-914C-7D4127E25869}.Release|ARM64.ActiveCfg = Release|Any CPU
		{9BDCFF13-DBFE-4A51-914C-7D4127E25869}.Release|ARM64.Build.0 = Release|Any CPU
		{9BDCFF13-DBFE-4A51-914C-7D4127E25869}.Release|ARM64.Deploy.0 = Release|Any CPU
		{9BDCFF13-DBFE-4A51-914C-7D4127E25869}.Release|x64.ActiveCfg = Release|Any CPU
		{9BDCFF13-DBFE-4A51-914C-7D4127E25869}.Release|x64.Build.0 = Release|Any CPU
		{9BDCFF13-DBFE-4A51-914C-7D4127E25869}.Release|x64.Deploy.0 = Release|Any CPU
		{9BDCFF13-DBFE-4A51-914C-7D4127E25869}.Release|x86.ActiveCfg = Release|Any CPU
		{9BDCFF13-DBFE-4A51-914C-7D4127E25869}.Release|x86.Build.0 = Release|Any CPU
		{9BDCFF13-DBFE-4A51-914C-7D4127E25869}.Release|x86.Deploy.0 = Release|Any CPU
	EndGlobalSection
	GlobalSection(SolutionProperties) = preSolution
		HideSolutionNode = FALSE
	EndGlobalSection
	GlobalSection(ExtensibilityGlobals) = postSolution
		SolutionGuid = {81844D02-BCB3-4809-80B3-88D1EAD27BB9}
	EndGlobalSection
EndGlobal
