
Microsoft Visual Studio Solution File, Format Version 12.00
Project("{FAE04EC0-301F-11D3-BF4B-00C04F79EFBC}") = "Material.Icons", "Material.Icons\Material.Icons.csproj", "{69D2AFF6-1F4F-45C7-9C74-13904227090C}"
EndProject
Global
	GlobalSection(SolutionConfigurationPlatforms) = preSolution
		Debug|Any CPU = Debug|Any CPU
		Release|Any CPU = Release|Any CPU
	EndGlobalSection
	GlobalSection(ProjectConfigurationPlatforms) = postSolution
		{69D2AFF6-1F4F-45C7-9C74-13904227090C}.Debug|Any CPU.ActiveCfg = Debug|Any CPU
		{69D2AFF6-1F4F-45C7-9C74-13904227090C}.Debug|Any CPU.Build.0 = Debug|Any CPU
		{69D2AFF6-1F4F-45C7-9C74-13904227090C}.Release|Any CPU.ActiveCfg = Release|Any CPU
		{69D2AFF6-1F4F-45C7-9C74-13904227090C}.Release|Any CPU.Build.0 = Release|Any CPU
	EndGlobalSection
EndGlobal
